// !$*UTF8*$!
{
	archiveVersion = 1;
	classes = {
	};
	objectVersion = 46;
	objects = {

/* Begin PBXBuildFile section */
		5A770FBE0E1B89E0F4C12E54 /* Pods_SwiftAssetsPickerController.framework in Frameworks */ = {isa = PBXBuildFile; fileRef = 812BB76002A20EF0715CEAC5 /* Pods_SwiftAssetsPickerController.framework */; };
		6DB6A6191B21F168005455C3 /* AssetsPickerController.swift in Sources */ = {isa = PBXBuildFile; fileRef = 6DB6A6181B21F168005455C3 /* AssetsPickerController.swift */; };
		6DB6A61B1B21F212005455C3 /* AssetsPickerGridController.swift in Sources */ = {isa = PBXBuildFile; fileRef = 6DB6A61A1B21F212005455C3 /* AssetsPickerGridController.swift */; };
		6DD2E7A11B134D7900E8FACF /* AppDelegate.swift in Sources */ = {isa = PBXBuildFile; fileRef = 6DD2E7A01B134D7900E8FACF /* AppDelegate.swift */; };
		6DD2E7A31B134D7900E8FACF /* ViewController.swift in Sources */ = {isa = PBXBuildFile; fileRef = 6DD2E7A21B134D7900E8FACF /* ViewController.swift */; };
		6DD2E7A61B134D7900E8FACF /* Main.storyboard in Resources */ = {isa = PBXBuildFile; fileRef = 6DD2E7A41B134D7900E8FACF /* Main.storyboard */; };
		6DD2E7A81B134D7900E8FACF /* Images.xcassets in Resources */ = {isa = PBXBuildFile; fileRef = 6DD2E7A71B134D7900E8FACF /* Images.xcassets */; };
		6DD2E7AB1B134D7900E8FACF /* LaunchScreen.xib in Resources */ = {isa = PBXBuildFile; fileRef = 6DD2E7A91B134D7900E8FACF /* LaunchScreen.xib */; };
		940F46201B5D7556002B2996 /* panorama-icon.png in Resources */ = {isa = PBXBuildFile; fileRef = 940F461D1B5D7556002B2996 /* panorama-icon.png */; };
		940F46211B5D7556002B2996 /* timelapse-icon.png in Resources */ = {isa = PBXBuildFile; fileRef = 940F461E1B5D7556002B2996 /* timelapse-icon.png */; };
		940F46221B5D7556002B2996 /* video-icon.png in Resources */ = {isa = PBXBuildFile; fileRef = 940F461F1B5D7556002B2996 /* video-icon.png */; };
		94E94F8F1B600515006A609F /* Localizable.strings in Resources */ = {isa = PBXBuildFile; fileRef = 94E94F911B600515006A609F /* Localizable.strings */; };
/* End PBXBuildFile section */

/* Begin PBXFileReference section */
		5F619510462901B350E9B9D6 /* Pods-SwiftAssetsPickerController.debug.xcconfig */ = {isa = PBXFileReference; includeInIndex = 1; lastKnownFileType = text.xcconfig; name = "Pods-SwiftAssetsPickerController.debug.xcconfig"; path = "Pods/Target Support Files/Pods-SwiftAssetsPickerController/Pods-SwiftAssetsPickerController.debug.xcconfig"; sourceTree = "<group>"; };
		664A6108DB9E86C22D3FEE41 /* Pods.framework */ = {isa = PBXFileReference; explicitFileType = wrapper.framework; includeInIndex = 0; path = Pods.framework; sourceTree = BUILT_PRODUCTS_DIR; };
		6DB6A6181B21F168005455C3 /* AssetsPickerController.swift */ = {isa = PBXFileReference; fileEncoding = 4; lastKnownFileType = sourcecode.swift; path = AssetsPickerController.swift; sourceTree = "<group>"; };
		6DB6A61A1B21F212005455C3 /* AssetsPickerGridController.swift */ = {isa = PBXFileReference; fileEncoding = 4; lastKnownFileType = sourcecode.swift; path = AssetsPickerGridController.swift; sourceTree = "<group>"; };
		6DD2E79B1B134D7900E8FACF /* SwiftAssetsPickerController.app */ = {isa = PBXFileReference; explicitFileType = wrapper.application; includeInIndex = 0; path = SwiftAssetsPickerController.app; sourceTree = BUILT_PRODUCTS_DIR; };
		6DD2E79F1B134D7900E8FACF /* Info.plist */ = {isa = PBXFileReference; lastKnownFileType = text.plist.xml; path = Info.plist; sourceTree = "<group>"; };
		6DD2E7A01B134D7900E8FACF /* AppDelegate.swift */ = {isa = PBXFileReference; lastKnownFileType = sourcecode.swift; path = AppDelegate.swift; sourceTree = "<group>"; };
		6DD2E7A21B134D7900E8FACF /* ViewController.swift */ = {isa = PBXFileReference; lastKnownFileType = sourcecode.swift; path = ViewController.swift; sourceTree = "<group>"; };
		6DD2E7A51B134D7900E8FACF /* Base */ = {isa = PBXFileReference; lastKnownFileType = file.storyboard; name = Base; path = Base.lproj/Main.storyboard; sourceTree = "<group>"; };
		6DD2E7A71B134D7900E8FACF /* Images.xcassets */ = {isa = PBXFileReference; lastKnownFileType = folder.assetcatalog; path = Images.xcassets; sourceTree = "<group>"; };
		6DD2E7AA1B134D7900E8FACF /* Base */ = {isa = PBXFileReference; lastKnownFileType = file.xib; name = Base; path = Base.lproj/LaunchScreen.xib; sourceTree = "<group>"; };
		812BB76002A20EF0715CEAC5 /* Pods_SwiftAssetsPickerController.framework */ = {isa = PBXFileReference; explicitFileType = wrapper.framework; includeInIndex = 0; path = Pods_SwiftAssetsPickerController.framework; sourceTree = BUILT_PRODUCTS_DIR; };
		940F461D1B5D7556002B2996 /* panorama-icon.png */ = {isa = PBXFileReference; lastKnownFileType = image.png; path = "panorama-icon.png"; sourceTree = "<group>"; };
		940F461E1B5D7556002B2996 /* timelapse-icon.png */ = {isa = PBXFileReference; lastKnownFileType = image.png; path = "timelapse-icon.png"; sourceTree = "<group>"; };
		940F461F1B5D7556002B2996 /* video-icon.png */ = {isa = PBXFileReference; lastKnownFileType = image.png; path = "video-icon.png"; sourceTree = "<group>"; };
		94E94F901B600515006A609F /* Base */ = {isa = PBXFileReference; lastKnownFileType = text.plist.strings; name = Base; path = Base.lproj/Localizable.strings; sourceTree = "<group>"; };
		94E94F921B600518006A609F /* en */ = {isa = PBXFileReference; lastKnownFileType = text.plist.strings; name = en; path = en.lproj/Localizable.strings; sourceTree = "<group>"; };
		CA98EF07253D100FD0CF207E /* Pods-SwiftAssetsPickerController.release.xcconfig */ = {isa = PBXFileReference; includeInIndex = 1; lastKnownFileType = text.xcconfig; name = "Pods-SwiftAssetsPickerController.release.xcconfig"; path = "Pods/Target Support Files/Pods-SwiftAssetsPickerController/Pods-SwiftAssetsPickerController.release.xcconfig"; sourceTree = "<group>"; };
/* End PBXFileReference section */

/* Begin PBXFrameworksBuildPhase section */
		6DD2E7981B134D7900E8FACF /* Frameworks */ = {
			isa = PBXFrameworksBuildPhase;
			buildActionMask = 2147483647;
			files = (
				5A770FBE0E1B89E0F4C12E54 /* Pods_SwiftAssetsPickerController.framework in Frameworks */,
			);
			runOnlyForDeploymentPostprocessing = 0;
		};
/* End PBXFrameworksBuildPhase section */

/* Begin PBXGroup section */
		039F72A778DB4DE9B9F81BF1 /* Frameworks */ = {
			isa = PBXGroup;
			children = (
				664A6108DB9E86C22D3FEE41 /* Pods.framework */,
				812BB76002A20EF0715CEAC5 /* Pods_SwiftAssetsPickerController.framework */,
			);
			name = Frameworks;
			sourceTree = "<group>";
		};
		50A838A5D7D9542F49EF8A07 /* Pods */ = {
			isa = PBXGroup;
			children = (
				5F619510462901B350E9B9D6 /* Pods-SwiftAssetsPickerController.debug.xcconfig */,
				CA98EF07253D100FD0CF207E /* Pods-SwiftAssetsPickerController.release.xcconfig */,
			);
			name = Pods;
			sourceTree = "<group>";
		};
		6DB6A6171B21F132005455C3 /* Sources */ = {
			isa = PBXGroup;
			children = (
				6DB6A6181B21F168005455C3 /* AssetsPickerController.swift */,
				6DB6A61A1B21F212005455C3 /* AssetsPickerGridController.swift */,
			);
			path = Sources;
			sourceTree = "<group>";
		};
		6DD2E7921B134D7900E8FACF = {
			isa = PBXGroup;
			children = (
				6DD2E79D1B134D7900E8FACF /* SwiftAssetsPickerController */,
				6DD2E79C1B134D7900E8FACF /* Products */,
				039F72A778DB4DE9B9F81BF1 /* Frameworks */,
				50A838A5D7D9542F49EF8A07 /* Pods */,
			);
			sourceTree = "<group>";
		};
		6DD2E79C1B134D7900E8FACF /* Products */ = {
			isa = PBXGroup;
			children = (
				6DD2E79B1B134D7900E8FACF /* SwiftAssetsPickerController.app */,
			);
			name = Products;
			sourceTree = "<group>";
		};
		6DD2E79D1B134D7900E8FACF /* SwiftAssetsPickerController */ = {
			isa = PBXGroup;
			children = (
				940F461C1B5D7556002B2996 /* Resources */,
				6DB6A6171B21F132005455C3 /* Sources */,
				6DD2E7A01B134D7900E8FACF /* AppDelegate.swift */,
				6DD2E7A21B134D7900E8FACF /* ViewController.swift */,
				6DD2E7A41B134D7900E8FACF /* Main.storyboard */,
				6DD2E7A91B134D7900E8FACF /* LaunchScreen.xib */,
				6DD2E7A71B134D7900E8FACF /* Images.xcassets */,
				6DD2E79E1B134D7900E8FACF /* Supporting Files */,
			);
			path = SwiftAssetsPickerController;
			sourceTree = "<group>";
		};
		6DD2E79E1B134D7900E8FACF /* Supporting Files */ = {
			isa = PBXGroup;
			children = (
				6DD2E79F1B134D7900E8FACF /* Info.plist */,
			);
			name = "Supporting Files";
			sourceTree = "<group>";
		};
		940F461C1B5D7556002B2996 /* Resources */ = {
			isa = PBXGroup;
			children = (
				940F461D1B5D7556002B2996 /* panorama-icon.png */,
				940F461E1B5D7556002B2996 /* timelapse-icon.png */,
				940F461F1B5D7556002B2996 /* video-icon.png */,
				94E94F911B600515006A609F /* Localizable.strings */,
			);
			path = Resources;
			sourceTree = "<group>";
		};
/* End PBXGroup section */

/* Begin PBXNativeTarget section */
		6DD2E79A1B134D7900E8FACF /* SwiftAssetsPickerController */ = {
			isa = PBXNativeTarget;
			buildConfigurationList = 6DD2E7BA1B134D7900E8FACF /* Build configuration list for PBXNativeTarget "SwiftAssetsPickerController" */;
			buildPhases = (
				05464C00DF3A8FFB843BF547 /* [CP] Check Pods Manifest.lock */,
				6DD2E7971B134D7900E8FACF /* Sources */,
				6DD2E7981B134D7900E8FACF /* Frameworks */,
				6DD2E7991B134D7900E8FACF /* Resources */,
				C1FCAD9037200593F91095E6 /* [CP] Embed Pods Frameworks */,
				960CFA877AF123E7B3104A7E /* [CP] Copy Pods Resources */,
			);
			buildRules = (
			);
			dependencies = (
			);
			name = SwiftAssetsPickerController;
			productName = SwiftAssetsPickerController;
			productReference = 6DD2E79B1B134D7900E8FACF /* SwiftAssetsPickerController.app */;
			productType = "com.apple.product-type.application";
		};
/* End PBXNativeTarget section */

/* Begin PBXProject section */
		6DD2E7931B134D7900E8FACF /* Project object */ = {
			isa = PBXProject;
			attributes = {
				LastSwiftMigration = 0700;
				LastSwiftUpdateCheck = 0700;
				LastUpgradeCheck = 0800;
				ORGANIZATIONNAME = "Maxim Bilan";
				TargetAttributes = {
					6DD2E79A1B134D7900E8FACF = {
						CreatedOnToolsVersion = 6.3.2;
						DevelopmentTeam = 828XSMPA74;
						LastSwiftMigration = 0800;
					};
				};
			};
			buildConfigurationList = 6DD2E7961B134D7900E8FACF /* Build configuration list for PBXProject "SwiftAssetsPickerController" */;
			compatibilityVersion = "Xcode 3.2";
			developmentRegion = English;
			hasScannedForEncodings = 0;
			knownRegions = (
				en,
				Base,
			);
			mainGroup = 6DD2E7921B134D7900E8FACF;
			productRefGroup = 6DD2E79C1B134D7900E8FACF /* Products */;
			projectDirPath = "";
			projectRoot = "";
			targets = (
				6DD2E79A1B134D7900E8FACF /* SwiftAssetsPickerController */,
			);
		};
/* End PBXProject section */

/* Begin PBXResourcesBuildPhase section */
		6DD2E7991B134D7900E8FACF /* Resources */ = {
			isa = PBXResourcesBuildPhase;
			buildActionMask = 2147483647;
			files = (
				940F46211B5D7556002B2996 /* timelapse-icon.png in Resources */,
				6DD2E7A61B134D7900E8FACF /* Main.storyboard in Resources */,
				940F46221B5D7556002B2996 /* video-icon.png in Resources */,
				94E94F8F1B600515006A609F /* Localizable.strings in Resources */,
				940F46201B5D7556002B2996 /* panorama-icon.png in Resources */,
				6DD2E7AB1B134D7900E8FACF /* LaunchScreen.xib in Resources */,
				6DD2E7A81B134D7900E8FACF /* Images.xcassets in Resources */,
			);
			runOnlyForDeploymentPostprocessing = 0;
		};
/* End PBXResourcesBuildPhase section */

/* Begin PBXShellScriptBuildPhase section */
		05464C00DF3A8FFB843BF547 /* [CP] Check Pods Manifest.lock */ = {
			isa = PBXShellScriptBuildPhase;
			buildActionMask = 2147483647;
			files = (
			);
			inputPaths = (
			);
			name = "[CP] Check Pods Manifest.lock";
			outputPaths = (
			);
			runOnlyForDeploymentPostprocessing = 0;
			shellPath = /bin/sh;
			shellScript = "diff \"${PODS_ROOT}/../Podfile.lock\" \"${PODS_ROOT}/Manifest.lock\" > /dev/null\nif [ $? != 0 ] ; then\n    # print error to STDERR\n    echo \"error: The sandbox is not in sync with the Podfile.lock. Run 'pod install' or update your CocoaPods installation.\" >&2\n    exit 1\nfi\n";
			showEnvVarsInLog = 0;
		};
		960CFA877AF123E7B3104A7E /* [CP] Copy Pods Resources */ = {
			isa = PBXShellScriptBuildPhase;
			buildActionMask = 2147483647;
			files = (
			);
			inputPaths = (
			);
			name = "[CP] Copy Pods Resources";
			outputPaths = (
			);
			runOnlyForDeploymentPostprocessing = 0;
			shellPath = /bin/sh;
			shellScript = "\"${SRCROOT}/Pods/Target Support Files/Pods-SwiftAssetsPickerController/Pods-SwiftAssetsPickerController-resources.sh\"\n";
			showEnvVarsInLog = 0;
		};
		C1FCAD9037200593F91095E6 /* [CP] Embed Pods Frameworks */ = {
			isa = PBXShellScriptBuildPhase;
			buildActionMask = 2147483647;
			files = (
			);
			inputPaths = (
			);
			name = "[CP] Embed Pods Frameworks";
			outputPaths = (
			);
			runOnlyForDeploymentPostprocessing = 0;
			shellPath = /bin/sh;
			shellScript = "\"${SRCROOT}/Pods/Target Support Files/Pods-SwiftAssetsPickerController/Pods-SwiftAssetsPickerController-frameworks.sh\"\n";
			showEnvVarsInLog = 0;
		};
/* End PBXShellScriptBuildPhase section */

/* Begin PBXSourcesBuildPhase section */
		6DD2E7971B134D7900E8FACF /* Sources */ = {
			isa = PBXSourcesBuildPhase;
			buildActionMask = 2147483647;
			files = (
				6DD2E7A31B134D7900E8FACF /* ViewController.swift in Sources */,
				6DB6A61B1B21F212005455C3 /* AssetsPickerGridController.swift in Sources */,
				6DD2E7A11B134D7900E8FACF /* AppDelegate.swift in Sources */,
				6DB6A6191B21F168005455C3 /* AssetsPickerController.swift in Sources */,
			);
			runOnlyForDeploymentPostprocessing = 0;
		};
/* End PBXSourcesBuildPhase section */

/* Begin PBXVariantGroup section */
		6DD2E7A41B134D7900E8FACF /* Main.storyboard */ = {
			isa = PBXVariantGroup;
			children = (
				6DD2E7A51B134D7900E8FACF /* Base */,
			);
			name = Main.storyboard;
			sourceTree = "<group>";
		};
		6DD2E7A91B134D7900E8FACF /* LaunchScreen.xib */ = {
			isa = PBXVariantGroup;
			children = (
				6DD2E7AA1B134D7900E8FACF /* Base */,
			);
			name = LaunchScreen.xib;
			sourceTree = "<group>";
		};
		94E94F911B600515006A609F /* Localizable.strings */ = {
			isa = PBXVariantGroup;
			children = (
				94E94F901B600515006A609F /* Base */,
				94E94F921B600518006A609F /* en */,
			);
			name = Localizable.strings;
			sourceTree = "<group>";
		};
/* End PBXVariantGroup section */

/* Begin XCBuildConfiguration section */
		6DD2E7B81B134D7900E8FACF /* Debug */ = {
			isa = XCBuildConfiguration;
			buildSettings = {
				ALWAYS_SEARCH_USER_PATHS = NO;
				CLANG_CXX_LANGUAGE_STANDARD = "gnu++0x";
				CLANG_CXX_LIBRARY = "libc++";
				CLANG_ENABLE_MODULES = YES;
				CLANG_ENABLE_OBJC_ARC = YES;
				CLANG_WARN_BOOL_CONVERSION = YES;
				CLANG_WARN_CONSTANT_CONVERSION = YES;
				CLANG_WARN_DIRECT_OBJC_ISA_USAGE = YES_ERROR;
				CLANG_WARN_EMPTY_BODY = YES;
				CLANG_WARN_ENUM_CONVERSION = YES;
				CLANG_WARN_INFINITE_RECURSION = YES;
				CLANG_WARN_INT_CONVERSION = YES;
				CLANG_WARN_OBJC_ROOT_CLASS = YES_ERROR;
				CLANG_WARN_SUSPICIOUS_MOVE = YES;
				CLANG_WARN_UNREACHABLE_CODE = YES;
				CLANG_WARN__DUPLICATE_METHOD_MATCH = YES;
				"CODE_SIGN_IDENTITY[sdk=iphoneos*]" = "iPhone Developer";
				COPY_PHASE_STRIP = NO;
				DEBUG_INFORMATION_FORMAT = "dwarf-with-dsym";
				ENABLE_STRICT_OBJC_MSGSEND = YES;
				ENABLE_TESTABILITY = YES;
				GCC_C_LANGUAGE_STANDARD = gnu99;
				GCC_DYNAMIC_NO_PIC = NO;
				GCC_NO_COMMON_BLOCKS = YES;
				GCC_OPTIMIZATION_LEVEL = 0;
				GCC_PREPROCESSOR_DEFINITIONS = (
					"DEBUG=1",
					"$(inherited)",
				);
				GCC_SYMBOLS_PRIVATE_EXTERN = NO;
				GCC_WARN_64_TO_32_BIT_CONVERSION = YES;
				GCC_WARN_ABOUT_RETURN_TYPE = YES_ERROR;
				GCC_WARN_UNDECLARED_SELECTOR = YES;
				GCC_WARN_UNINITIALIZED_AUTOS = YES_AGGRESSIVE;
				GCC_WARN_UNUSED_FUNCTION = YES;
				GCC_WARN_UNUSED_VARIABLE = YES;
				IPHONEOS_DEPLOYMENT_TARGET = 8.3;
				MTL_ENABLE_DEBUG_INFO = YES;
				ONLY_ACTIVE_ARCH = YES;
				SDKROOT = iphoneos;
				SWIFT_OPTIMIZATION_LEVEL = "-Onone";
				TARGETED_DEVICE_FAMILY = "1,2";
			};
			name = Debug;
		};
		6DD2E7B91B134D7900E8FACF /* Release */ = {
			isa = XCBuildConfiguration;
			buildSettings = {
				ALWAYS_SEARCH_USER_PATHS = NO;
				CLANG_CXX_LANGUAGE_STANDARD = "gnu++0x";
				CLANG_CXX_LIBRARY = "libc++";
				CLANG_ENABLE_MODULES = YES;
				CLANG_ENABLE_OBJC_ARC = YES;
				CLANG_WARN_BOOL_CONVERSION = YES;
				CLANG_WARN_CONSTANT_CONVERSION = YES;
				CLANG_WARN_DIRECT_OBJC_ISA_USAGE = YES_ERROR;
				CLANG_WARN_EMPTY_BODY = YES;
				CLANG_WARN_ENUM_CONVERSION = YES;
				CLANG_WARN_INFINITE_RECURSION = YES;
				CLANG_WARN_INT_CONVERSION = YES;
				CLANG_WARN_OBJC_ROOT_CLASS = YES_ERROR;
				CLANG_WARN_SUSPICIOUS_MOVE = YES;
				CLANG_WARN_UNREACHABLE_CODE = YES;
				CLANG_WARN__DUPLICATE_METHOD_MATCH = YES;
				"CODE_SIGN_IDENTITY[sdk=iphoneos*]" = "iPhone Developer";
				COPY_PHASE_STRIP = NO;
				DEBUG_INFORMATION_FORMAT = "dwarf-with-dsym";
				ENABLE_NS_ASSERTIONS = NO;
				ENABLE_STRICT_OBJC_MSGSEND = YES;
				GCC_C_LANGUAGE_STANDARD = gnu99;
				GCC_NO_COMMON_BLOCKS = YES;
				GCC_WARN_64_TO_32_BIT_CONVERSION = YES;
				GCC_WARN_ABOUT_RETURN_TYPE = YES_ERROR;
				GCC_WARN_UNDECLARED_SELECTOR = YES;
				GCC_WARN_UNINITIALIZED_AUTOS = YES_AGGRESSIVE;
				GCC_WARN_UNUSED_FUNCTION = YES;
				GCC_WARN_UNUSED_VARIABLE = YES;
				IPHONEOS_DEPLOYMENT_TARGET = 8.3;
				MTL_ENABLE_DEBUG_INFO = NO;
				SDKROOT = iphoneos;
				SWIFT_OPTIMIZATION_LEVEL = "-Owholemodule";
				TARGETED_DEVICE_FAMILY = "1,2";
				VALIDATE_PRODUCT = YES;
			};
			name = Release;
		};
		6DD2E7BB1B134D7900E8FACF /* Debug */ = {
			isa = XCBuildConfiguration;
			baseConfigurationReference = 5F619510462901B350E9B9D6 /* Pods-SwiftAssetsPickerController.debug.xcconfig */;
			buildSettings = {
				ALWAYS_EMBED_SWIFT_STANDARD_LIBRARIES = YES;
				ASSETCATALOG_COMPILER_APPICON_NAME = AppIcon;
				CODE_SIGN_IDENTITY = "iPhone Developer";
				"CODE_SIGN_IDENTITY[sdk=iphoneos*]" = "iPhone Developer";
				INFOPLIST_FILE = SwiftAssetsPickerController/Info.plist;
				LD_RUNPATH_SEARCH_PATHS = "$(inherited) @executable_path/Frameworks";
				PRODUCT_BUNDLE_IDENTIFIER = "maximbilan.$(PRODUCT_NAME:rfc1034identifier)";
				PRODUCT_NAME = "$(TARGET_NAME)";
				PROVISIONING_PROFILE = "";
				SWIFT_VERSION = 2.3;
			};
			name = Debug;
		};
		6DD2E7BC1B134D7900E8FACF /* Release */ = {
			isa = XCBuildConfiguration;
			baseConfigurationReference = CA98EF07253D100FD0CF207E /* Pods-SwiftAssetsPickerController.release.xcconfig */;
			buildSettings = {
				ALWAYS_EMBED_SWIFT_STANDARD_LIBRARIES = YES;
				ASSETCATALOG_COMPILER_APPICON_NAME = AppIcon;
				CODE_SIGN_IDENTITY = "iPhone Developer";
				"CODE_SIGN_IDENTITY[sdk=iphoneos*]" = "iPhone Developer";
				INFOPLIST_FILE = SwiftAssetsPickerController/Info.plist;
				LD_RUNPATH_SEARCH_PATHS = "$(inherited) @executable_path/Frameworks";
				PRODUCT_BUNDLE_IDENTIFIER = "maximbilan.$(PRODUCT_NAME:rfc1034identifier)";
				PRODUCT_NAME = "$(TARGET_NAME)";
				PROVISIONING_PROFILE = "";
				SWIFT_VERSION = 2.3;
			};
			name = Release;
		};
/* End XCBuildConfiguration section */

/* Begin XCConfigurationList section */
		6DD2E7961B134D7900E8FACF /* Build configuration list for PBXProject "SwiftAssetsPickerController" */ = {
			isa = XCConfigurationList;
			buildConfigurations = (
				6DD2E7B81B134D7900E8FACF /* Debug */,
				6DD2E7B91B134D7900E8FACF /* Release */,
			);
			defaultConfigurationIsVisible = 0;
			defaultConfigurationName = Release;
		};
		6DD2E7BA1B134D7900E8FACF /* Build configuration list for PBXNativeTarget "SwiftAssetsPickerController" */ = {
			isa = XCConfigurationList;
			buildConfigurations = (
				6DD2E7BB1B134D7900E8FACF /* Debug */,
				6DD2E7BC1B134D7900E8FACF /* Release */,
			);
			defaultConfigurationIsVisible = 0;
			defaultConfigurationName = Release;
		};
/* End XCConfigurationList section */
	};
	rootObject = 6DD2E7931B134D7900E8FACF /* Project object */;
}
